
Microsoft Visual Studio Solution File, Format Version 12.00
Project("{FAE04EC0-301F-11D3-BF4B-00C04F79EFBC}") = "Market.Api", "Market.Api\Market.Api.csproj", "{86408AB8-0489-454F-9FD1-D0EC7C185073}"
EndProject
Project("{2150E333-8FDC-42A3-9474-1A3956D46DE8}") = "Core", "Core", "{ACC51BC1-5AC4-4A3D-A5C8-96F33D6B6C5A}"
EndProject
Project("{2150E333-8FDC-42A3-9474-1A3956D46DE8}") = "Database", "Database", "{9947143E-0B75-4B04-9E81-A3E77EB94547}"
EndProject
Project("{2150E333-8FDC-42A3-9474-1A3956D46DE8}") = "Presentation", "Presentation", "{5013B62A-32B9-4050-AB19-2E21DC8918ED}"
EndProject
Project("{2150E333-8FDC-42A3-9474-1A3956D46DE8}") = "Infrastructure", "Infrastructure", "{7C38F939-D9C7-4BB5-942B-8FE5E5D1C081}"
EndProject
Project("{2150E333-8FDC-42A3-9474-1A3956D46DE8}") = "Tests", "Tests", "{599D1CDF-4EC9-4792-9B48-78617FFF3564}"
EndProject
Project("{FAE04EC0-301F-11D3-BF4B-00C04F79EFBC}") = "Market.DTO", "Market.DTO\Market.DTO.csproj", "{DD5BB588-2B0F-429F-A27F-844F8F18DF2B}"
EndProject
Project("{FAE04EC0-301F-11D3-BF4B-00C04F79EFBC}") = "Market.Repositories", "Market.Repositories\Market.Repositories.csproj", "{D0B26EF5-E115-4206-AB54-7BB78BB88B26}"
EndProject
Project("{FAE04EC0-301F-11D3-BF4B-00C04F79EFBC}") = "Market.Tests", "Market.Tests\Market.Tests.csproj", "{01735D83-770E-4884-907A-B98B0A3922E7}"
EndProject
Project("{42EA0DBD-9CF1-443E-919E-BE9C484E4577}") = "Market.Database", "Market.Database\Market.Database.sqlproj", "{FE2B7EEF-D0A1-44C5-B8FE-BB36BE21AD10}"
EndProject
Project("{FAE04EC0-301F-11D3-BF4B-00C04F79EFBC}") = "Market.Services", "Market.Services\Market.Services.csproj", "{F6ACB49D-F66B-4F22-A429-9783D2681402}"
EndProject
Global
	GlobalSection(SolutionConfigurationPlatforms) = preSolution
		Debug|Any CPU = Debug|Any CPU
		Release|Any CPU = Release|Any CPU
	EndGlobalSection
	GlobalSection(ProjectConfigurationPlatforms) = postSolution
		{86408AB8-0489-454F-9FD1-D0EC7C185073}.Debug|Any CPU.ActiveCfg = Debug|Any CPU
		{86408AB8-0489-454F-9FD1-D0EC7C185073}.Debug|Any CPU.Build.0 = Debug|Any CPU
		{86408AB8-0489-454F-9FD1-D0EC7C185073}.Release|Any CPU.ActiveCfg = Release|Any CPU
		{86408AB8-0489-454F-9FD1-D0EC7C185073}.Release|Any CPU.Build.0 = Release|Any CPU
		{DD5BB588-2B0F-429F-A27F-844F8F18DF2B}.Debug|Any CPU.ActiveCfg = Debug|Any CPU
		{DD5BB588-2B0F-429F-A27F-844F8F18DF2B}.Debug|Any CPU.Build.0 = Debug|Any CPU
		{DD5BB588-2B0F-429F-A27F-844F8F18DF2B}.Release|Any CPU.ActiveCfg = Release|Any CPU
		{DD5BB588-2B0F-429F-A27F-844F8F18DF2B}.Release|Any CPU.Build.0 = Release|Any CPU
		{D0B26EF5-E115-4206-AB54-7BB78BB88B26}.Debug|Any CPU.ActiveCfg = Debug|Any CPU
		{D0B26EF5-E115-4206-AB54-7BB78BB88B26}.Debug|Any CPU.Build.0 = Debug|Any CPU
		{D0B26EF5-E115-4206-AB54-7BB78BB88B26}.Release|Any CPU.ActiveCfg = Release|Any CPU
		{D0B26EF5-E115-4206-AB54-7BB78BB88B26}.Release|Any CPU.Build.0 = Release|Any CPU
		{01735D83-770E-4884-907A-B98B0A3922E7}.Debug|Any CPU.ActiveCfg = Debug|Any CPU
		{01735D83-770E-4884-907A-B98B0A3922E7}.Debug|Any CPU.Build.0 = Debug|Any CPU
		{01735D83-770E-4884-907A-B98B0A3922E7}.Release|Any CPU.ActiveCfg = Release|Any CPU
		{01735D83-770E-4884-907A-B98B0A3922E7}.Release|Any CPU.Build.0 = Release|Any CPU
		{FE2B7EEF-D0A1-44C5-B8FE-BB36BE21AD10}.Debug|Any CPU.ActiveCfg = Debug|Any CPU
		{FE2B7EEF-D0A1-44C5-B8FE-BB36BE21AD10}.Debug|Any CPU.Build.0 = Debug|Any CPU
		{FE2B7EEF-D0A1-44C5-B8FE-BB36BE21AD10}.Release|Any CPU.ActiveCfg = Release|Any CPU
		{FE2B7EEF-D0A1-44C5-B8FE-BB36BE21AD10}.Release|Any CPU.Build.0 = Release|Any CPU
		{F6ACB49D-F66B-4F22-A429-9783D2681402}.Debug|Any CPU.ActiveCfg = Debug|Any CPU
		{F6ACB49D-F66B-4F22-A429-9783D2681402}.Debug|Any CPU.Build.0 = Debug|Any CPU
		{F6ACB49D-F66B-4F22-A429-9783D2681402}.Release|Any CPU.ActiveCfg = Release|Any CPU
		{F6ACB49D-F66B-4F22-A429-9783D2681402}.Release|Any CPU.Build.0 = Release|Any CPU
	EndGlobalSection
	GlobalSection(NestedProjects) = preSolution
		{86408AB8-0489-454F-9FD1-D0EC7C185073} = {5013B62A-32B9-4050-AB19-2E21DC8918ED}
		{DD5BB588-2B0F-429F-A27F-844F8F18DF2B} = {ACC51BC1-5AC4-4A3D-A5C8-96F33D6B6C5A}
		{D0B26EF5-E115-4206-AB54-7BB78BB88B26} = {7C38F939-D9C7-4BB5-942B-8FE5E5D1C081}
		{01735D83-770E-4884-907A-B98B0A3922E7} = {599D1CDF-4EC9-4792-9B48-78617FFF3564}
		{FE2B7EEF-D0A1-44C5-B8FE-BB36BE21AD10} = {9947143E-0B75-4B04-9E81-A3E77EB94547}
		{F6ACB49D-F66B-4F22-A429-9783D2681402} = {ACC51BC1-5AC4-4A3D-A5C8-96F33D6B6C5A}
	EndGlobalSection
EndGlobal
